
Microsoft Visual Studio Solution File, Format Version 12.00
# Visual Studio Version 17
VisualStudioVersion = 17.8.34330.188
MinimumVisualStudioVersion = 10.0.40219.1
Project("{FAE04EC0-301F-11D3-BF4B-00C04F79EFBC}") = "HighValueCustomersFinder", "HighValueCustomersFinder.csproj", "{A9987341-4ACA-4E3B-A250-9E04F5A614E6}"
EndProject
Global
	GlobalSection(SolutionConfigurationPlatforms) = preSolution
		Debug|Any CPU = Debug|Any CPU
		Release|Any CPU = Release|Any CPU
	EndGlobalSection
	GlobalSection(ProjectConfigurationPlatforms) = postSolution
		{A9987341-4ACA-4E3B-A250-9E04F5A614E6}.Debug|Any CPU.ActiveCfg = Debug|Any CPU
		{A9987341-4ACA-4E3B-A250-9E04F5A614E6}.Debug|Any CPU.Build.0 = Debug|Any CPU
		{A9987341-4ACA-4E3B-A250-9E04F5A614E6}.Release|Any CPU.ActiveCfg = Release|Any CPU
		{A9987341-4ACA-4E3B-A250-9E04F5A614E6}.Release|Any CPU.Build.0 = Release|Any CPU
	EndGlobalSection
	GlobalSection(SolutionProperties) = preSolution
		HideSolutionNode = FALSE
	EndGlobalSection
	GlobalSection(ExtensibilityGlobals) = postSolution
		SolutionGuid = {680BA740-EF55-4203-A0B6-E9DD8A50E632}
	EndGlobalSection
EndGlobal
